
Microsoft Visual Studio Solution File, Format Version 12.00
# Visual Studio Version 16
VisualStudioVersion = 16.0.29230.47
MinimumVisualStudioVersion = 10.0.40219.1
Project("{FAE04EC0-301F-11D3-BF4B-00C04F79EFBC}") = "ArenaGame", "ArenaGame\ArenaGame.csproj", "{4419FD6F-F95A-48A7-AE33-DDC2434DF7BA}"
EndProject
Global
	GlobalSection(SolutionConfigurationPlatforms) = preSolution
		Debug|Any CPU = Debug|Any CPU
		Release|Any CPU = Release|Any CPU
	EndGlobalSection
	GlobalSection(ProjectConfigurationPlatforms) = postSolution
		{4419FD6F-F95A-48A7-AE33-DDC2434DF7BA}.Debug|Any CPU.ActiveCfg = Debug|Any CPU
		{4419FD6F-F95A-48A7-AE33-DDC2434DF7BA}.Debug|Any CPU.Build.0 = Debug|Any CPU
		{4419FD6F-F95A-48A7-AE33-DDC2434DF7BA}.Release|Any CPU.ActiveCfg = Release|Any CPU
		{4419FD6F-F95A-48A7-AE33-DDC2434DF7BA}.Release|Any CPU.Build.0 = Release|Any CPU
	EndGlobalSection
	GlobalSection(SolutionProperties) = preSolution
		HideSolutionNode = FALSE
	EndGlobalSection
	GlobalSection(ExtensibilityGlobals) = postSolution
		SolutionGuid = {4B5F6B17-CE08-416B-9184-12BCD5A52B1F}
	EndGlobalSection
EndGlobal
