
Microsoft Visual Studio Solution File, Format Version 12.00
# Visual Studio Version 16
VisualStudioVersion = 16.0.29306.81
MinimumVisualStudioVersion = 10.0.40219.1
Project("{FAE04EC0-301F-11D3-BF4B-00C04F79EFBC}") = "UnitConvert", "UnitConvert\UnitConvert.csproj", "{C11B3550-F524-489A-B6E6-0889B7126AC8}"
EndProject
Global
	GlobalSection(SolutionConfigurationPlatforms) = preSolution
		Debug|Any CPU = Debug|Any CPU
		Release|Any CPU = Release|Any CPU
	EndGlobalSection
	GlobalSection(ProjectConfigurationPlatforms) = postSolution
		{C11B3550-F524-489A-B6E6-0889B7126AC8}.Debug|Any CPU.ActiveCfg = Debug|Any CPU
		{C11B3550-F524-489A-B6E6-0889B7126AC8}.Debug|Any CPU.Build.0 = Debug|Any CPU
		{C11B3550-F524-489A-B6E6-0889B7126AC8}.Release|Any CPU.ActiveCfg = Release|Any CPU
		{C11B3550-F524-489A-B6E6-0889B7126AC8}.Release|Any CPU.Build.0 = Release|Any CPU
	EndGlobalSection
	GlobalSection(SolutionProperties) = preSolution
		HideSolutionNode = FALSE
	EndGlobalSection
	GlobalSection(ExtensibilityGlobals) = postSolution
		SolutionGuid = {337D34CC-2294-4B42-8817-0CEA1A78D9C8}
	EndGlobalSection
EndGlobal
